// !$*UTF8*$!
{
	archiveVersion = 1;
	classes = {
	};
	objectVersion = 48;
	objects = {

/* Begin PBXBuildFile section */
		A7CD77A22026223A000D34D4 /* AppDelegate.swift in Sources */ = {isa = PBXBuildFile; fileRef = A7CD77A12026223A000D34D4 /* AppDelegate.swift */; };
		A7CD77A42026223A000D34D4 /* ViewController.swift in Sources */ = {isa = PBXBuildFile; fileRef = A7CD77A32026223A000D34D4 /* ViewController.swift */; };
		A7CD77A72026223A000D34D4 /* Main.storyboard in Resources */ = {isa = PBXBuildFile; fileRef = A7CD77A52026223A000D34D4 /* Main.storyboard */; };
		A7CD77A92026223A000D34D4 /* Assets.xcassets in Resources */ = {isa = PBXBuildFile; fileRef = A7CD77A82026223A000D34D4 /* Assets.xcassets */; };
		A7CD77AC2026223A000D34D4 /* LaunchScreen.storyboard in Resources */ = {isa = PBXBuildFile; fileRef = A7CD77AA2026223A000D34D4 /* LaunchScreen.storyboard */; };
		A7CD77B72026223A000D34D4 /* ButtonAppTests.swift in Sources */ = {isa = PBXBuildFile; fileRef = A7CD77B62026223A000D34D4 /* ButtonAppTests.swift */; };
		A7CD77C22026223A000D34D4 /* ButtonAppUITests.swift in Sources */ = {isa = PBXBuildFile; fileRef = A7CD77C12026223A000D34D4 /* ButtonAppUITests.swift */; };
/* End PBXBuildFile section */

/* Begin PBXContainerItemProxy section */
		A7CD77B32026223A000D34D4 /* PBXContainerItemProxy */ = {
			isa = PBXContainerItemProxy;
			containerPortal = A7CD77962026223A000D34D4 /* Project object */;
			proxyType = 1;
			remoteGlobalIDString = A7CD779D2026223A000D34D4;
			remoteInfo = ButtonApp;
		};
		A7CD77BE2026223A000D34D4 /* PBXContainerItemProxy */ = {
			isa = PBXContainerItemProxy;
			containerPortal = A7CD77962026223A000D34D4 /* Project object */;
			proxyType = 1;
			remoteGlobalIDString = A7CD779D2026223A000D34D4;
			remoteInfo = ButtonApp;
		};
/* End PBXContainerItemProxy section */

/* Begin PBXFileReference section */
		A7CD779E2026223A000D34D4 /* ButtonApp.app */ = {isa = PBXFileReference; explicitFileType = wrapper.application; includeInIndex = 0; path = ButtonApp.app; sourceTree = BUILT_PRODUCTS_DIR; };
		A7CD77A12026223A000D34D4 /* AppDelegate.swift */ = {isa = PBXFileReference; lastKnownFileType = sourcecode.swift; path = AppDelegate.swift; sourceTree = "<group>"; };
		A7CD77A32026223A000D34D4 /* ViewController.swift */ = {isa = PBXFileReference; lastKnownFileType = sourcecode.swift; path = ViewController.swift; sourceTree = "<group>"; };
		A7CD77A62026223A000D34D4 /* Base */ = {isa = PBXFileReference; lastKnownFileType = file.storyboard; name = Base; path = Base.lproj/Main.storyboard; sourceTree = "<group>"; };
		A7CD77A82026223A000D34D4 /* Assets.xcassets */ = {isa = PBXFileReference; lastKnownFileType = folder.assetcatalog; path = Assets.xcassets; sourceTree = "<group>"; };
		A7CD77AB2026223A000D34D4 /* Base */ = {isa = PBXFileReference; lastKnownFileType = file.storyboard; name = Base; path = Base.lproj/LaunchScreen.storyboard; sourceTree = "<group>"; };
		A7CD77AD2026223A000D34D4 /* Info.plist */ = {isa = PBXFileReference; lastKnownFileType = text.plist.xml; path = Info.plist; sourceTree = "<group>"; };
		A7CD77B22026223A000D34D4 /* ButtonAppTests.xctest */ = {isa = PBXFileReference; explicitFileType = wrapper.cfbundle; includeInIndex = 0; path = ButtonAppTests.xctest; sourceTree = BUILT_PRODUCTS_DIR; };
		A7CD77B62026223A000D34D4 /* ButtonAppTests.swift */ = {isa = PBXFileReference; lastKnownFileType = sourcecode.swift; path = ButtonAppTests.swift; sourceTree = "<group>"; };
		A7CD77B82026223A000D34D4 /* Info.plist */ = {isa = PBXFileReference; lastKnownFileType = text.plist.xml; path = Info.plist; sourceTree = "<group>"; };
		A7CD77BD2026223A000D34D4 /* ButtonAppUITests.xctest */ = {isa = PBXFileReference; explicitFileType = wrapper.cfbundle; includeInIndex = 0; path = ButtonAppUITests.xctest; sourceTree = BUILT_PRODUCTS_DIR; };
		A7CD77C12026223A000D34D4 /* ButtonAppUITests.swift */ = {isa = PBXFileReference; lastKnownFileType = sourcecode.swift; path = ButtonAppUITests.swift; sourceTree = "<group>"; };
		A7CD77C32026223A000D34D4 /* Info.plist */ = {isa = PBXFileReference; lastKnownFileType = text.plist.xml; path = Info.plist; sourceTree = "<group>"; };
/* End PBXFileReference section */

/* Begin PBXFrameworksBuildPhase section */
		A7CD779B2026223A000D34D4 /* Frameworks */ = {
			isa = PBXFrameworksBuildPhase;
			buildActionMask = 2147483647;
			files = (
			);
			runOnlyForDeploymentPostprocessing = 0;
		};
		A7CD77AF2026223A000D34D4 /* Frameworks */ = {
			isa = PBXFrameworksBuildPhase;
			buildActionMask = 2147483647;
			files = (
			);
			runOnlyForDeploymentPostprocessing = 0;
		};
		A7CD77BA2026223A000D34D4 /* Frameworks */ = {
			isa = PBXFrameworksBuildPhase;
			buildActionMask = 2147483647;
			files = (
			);
			runOnlyForDeploymentPostprocessing = 0;
		};
/* End PBXFrameworksBuildPhase section */

/* Begin PBXGroup section */
		A7CD77952026223A000D34D4 = {
			isa = PBXGroup;
			children = (
				A7CD77A02026223A000D34D4 /* ButtonApp */,
				A7CD77B52026223A000D34D4 /* ButtonAppTests */,
				A7CD77C02026223A000D34D4 /* ButtonAppUITests */,
				A7CD779F2026223A000D34D4 /* Products */,
			);
			sourceTree = "<group>";
		};
		A7CD779F2026223A000D34D4 /* Products */ = {
			isa = PBXGroup;
			children = (
				A7CD779E2026223A000D34D4 /* ButtonApp.app */,
				A7CD77B22026223A000D34D4 /* ButtonAppTests.xctest */,
				A7CD77BD2026223A000D34D4 /* ButtonAppUITests.xctest */,
			);
			name = Products;
			sourceTree = "<group>";
		};
		A7CD77A02026223A000D34D4 /* ButtonApp */ = {
			isa = PBXGroup;
			children = (
				A7CD77A12026223A000D34D4 /* AppDelegate.swift */,
				A7CD77A32026223A000D34D4 /* ViewController.swift */,
				A7CD77A52026223A000D34D4 /* Main.storyboard */,
				A7CD77A82026223A000D34D4 /* Assets.xcassets */,
				A7CD77AA2026223A000D34D4 /* LaunchScreen.storyboard */,
				A7CD77AD2026223A000D34D4 /* Info.plist */,
			);
			path = ButtonApp;
			sourceTree = "<group>";
		};
		A7CD77B52026223A000D34D4 /* ButtonAppTests */ = {
			isa = PBXGroup;
			children = (
				A7CD77B62026223A000D34D4 /* ButtonAppTests.swift */,
				A7CD77B82026223A000D34D4 /* Info.plist */,
			);
			path = ButtonAppTests;
			sourceTree = "<group>";
		};
		A7CD77C02026223A000D34D4 /* ButtonAppUITests */ = {
			isa = PBXGroup;
			children = (
				A7CD77C12026223A000D34D4 /* ButtonAppUITests.swift */,
				A7CD77C32026223A000D34D4 /* Info.plist */,
			);
			path = ButtonAppUITests;
			sourceTree = "<group>";
		};
/* End PBXGroup section */

/* Begin PBXNativeTarget section */
		A7CD779D2026223A000D34D4 /* ButtonApp */ = {
			isa = PBXNativeTarget;
			buildConfigurationList = A7CD77C62026223A000D34D4 /* Build configuration list for PBXNativeTarget "ButtonApp" */;
			buildPhases = (
				A7CD779A2026223A000D34D4 /* Sources */,
				A7CD779B2026223A000D34D4 /* Frameworks */,
				A7CD779C2026223A000D34D4 /* Resources */,
			);
			buildRules = (
			);
			dependencies = (
			);
			name = ButtonApp;
			productName = ButtonApp;
			productReference = A7CD779E2026223A000D34D4 /* ButtonApp.app */;
			productType = "com.apple.product-type.application";
		};
		A7CD77B12026223A000D34D4 /* ButtonAppTests */ = {
			isa = PBXNativeTarget;
			buildConfigurationList = A7CD77C92026223A000D34D4 /* Build configuration list for PBXNativeTarget "ButtonAppTests" */;
			buildPhases = (
				A7CD77AE2026223A000D34D4 /* Sources */,
				A7CD77AF2026223A000D34D4 /* Frameworks */,
				A7CD77B02026223A000D34D4 /* Resources */,
			);
			buildRules = (
			);
			dependencies = (
				A7CD77B42026223A000D34D4 /* PBXTargetDependency */,
			);
			name = ButtonAppTests;
			productName = ButtonAppTests;
			productReference = A7CD77B22026223A000D34D4 /* ButtonAppTests.xctest */;
			productType = "com.apple.product-type.bundle.unit-test";
		};
		A7CD77BC2026223A000D34D4 /* ButtonAppUITests */ = {
			isa = PBXNativeTarget;
			buildConfigurationList = A7CD77CC2026223A000D34D4 /* Build configuration list for PBXNativeTarget "ButtonAppUITests" */;
			buildPhases = (
				A7CD77B92026223A000D34D4 /* Sources */,
				A7CD77BA2026223A000D34D4 /* Frameworks */,
				A7CD77BB2026223A000D34D4 /* Resources */,
			);
			buildRules = (
			);
			dependencies = (
				A7CD77BF2026223A000D34D4 /* PBXTargetDependency */,
			);
			name = ButtonAppUITests;
			productName = ButtonAppUITests;
			productReference = A7CD77BD2026223A000D34D4 /* ButtonAppUITests.xctest */;
			productType = "com.apple.product-type.bundle.ui-testing";
		};
/* End PBXNativeTarget section */

/* Begin PBXProject section */
		A7CD77962026223A000D34D4 /* Project object */ = {
			isa = PBXProject;
			attributes = {
				LastSwiftUpdateCheck = 0920;
				LastUpgradeCheck = 0920;
				ORGANIZATIONNAME = "Upananda Saha";
				TargetAttributes = {
					A7CD779D2026223A000D34D4 = {
						CreatedOnToolsVersion = 9.2;
						ProvisioningStyle = Automatic;
					};
					A7CD77B12026223A000D34D4 = {
						CreatedOnToolsVersion = 9.2;
						ProvisioningStyle = Automatic;
						TestTargetID = A7CD779D2026223A000D34D4;
					};
					A7CD77BC2026223A000D34D4 = {
						CreatedOnToolsVersion = 9.2;
						ProvisioningStyle = Automatic;
						TestTargetID = A7CD779D2026223A000D34D4;
					};
				};
			};
			buildConfigurationList = A7CD77992026223A000D34D4 /* Build configuration list for PBXProject "ButtonApp" */;
			compatibilityVersion = "Xcode 8.0";
			developmentRegion = en;
			hasScannedForEncodings = 0;
			knownRegions = (
				en,
				Base,
			);
			mainGroup = A7CD77952026223A000D34D4;
			productRefGroup = A7CD779F2026223A000D34D4 /* Products */;
			projectDirPath = "";
			projectRoot = "";
			targets = (
				A7CD779D2026223A000D34D4 /* ButtonApp */,
				A7CD77B12026223A000D34D4 /* ButtonAppTests */,
				A7CD77BC2026223A000D34D4 /* ButtonAppUITests */,
			);
		};
/* End PBXProject section */

/* Begin PBXResourcesBuildPhase section */
		A7CD779C2026223A000D34D4 /* Resources */ = {
			isa = PBXResourcesBuildPhase;
			buildActionMask = 2147483647;
			files = (
				A7CD77AC2026223A000D34D4 /* LaunchScreen.storyboard in Resources */,
				A7CD77A92026223A000D34D4 /* Assets.xcassets in Resources */,
				A7CD77A72026223A000D34D4 /* Main.storyboard in Resources */,
			);
			runOnlyForDeploymentPostprocessing = 0;
		};
		A7CD77B02026223A000D34D4 /* Resources */ = {
			isa = PBXResourcesBuildPhase;
			buildActionMask = 2147483647;
			files = (
			);
			runOnlyForDeploymentPostprocessing = 0;
		};
		A7CD77BB2026223A000D34D4 /* Resources */ = {
			isa = PBXResourcesBuildPhase;
			buildActionMask = 2147483647;
			files = (
			);
			runOnlyForDeploymentPostprocessing = 0;
		};
/* End PBXResourcesBuildPhase section */

/* Begin PBXSourcesBuildPhase section */
		A7CD779A2026223A000D34D4 /* Sources */ = {
			isa = PBXSourcesBuildPhase;
			buildActionMask = 2147483647;
			files = (
				A7CD77A42026223A000D34D4 /* ViewController.swift in Sources */,
				A7CD77A22026223A000D34D4 /* AppDelegate.swift in Sources */,
			);
			runOnlyForDeploymentPostprocessing = 0;
		};
		A7CD77AE2026223A000D34D4 /* Sources */ = {
			isa = PBXSourcesBuildPhase;
			buildActionMask = 2147483647;
			files = (
				A7CD77B72026223A000D34D4 /* ButtonAppTests.swift in Sources */,
			);
			runOnlyForDeploymentPostprocessing = 0;
		};
		A7CD77B92026223A000D34D4 /* Sources */ = {
			isa = PBXSourcesBuildPhase;
			buildActionMask = 2147483647;
			files = (
				A7CD77C22026223A000D34D4 /* ButtonAppUITests.swift in Sources */,
			);
			runOnlyForDeploymentPostprocessing = 0;
		};
/* End PBXSourcesBuildPhase section */

/* Begin PBXTargetDependency section */
		A7CD77B42026223A000D34D4 /* PBXTargetDependency */ = {
			isa = PBXTargetDependency;
			target = A7CD779D2026223A000D34D4 /* ButtonApp */;
			targetProxy = A7CD77B32026223A000D34D4 /* PBXContainerItemProxy */;
		};
		A7CD77BF2026223A000D34D4 /* PBXTargetDependency */ = {
			isa = PBXTargetDependency;
			target = A7CD779D2026223A000D34D4 /* ButtonApp */;
			targetProxy = A7CD77BE2026223A000D34D4 /* PBXContainerItemProxy */;
		};
/* End PBXTargetDependency section */

/* Begin PBXVariantGroup section */
		A7CD77A52026223A000D34D4 /* Main.storyboard */ = {
			isa = PBXVariantGroup;
			children = (
				A7CD77A62026223A000D34D4 /* Base */,
			);
			name = Main.storyboard;
			sourceTree = "<group>";
		};
		A7CD77AA2026223A000D34D4 /* LaunchScreen.storyboard */ = {
			isa = PBXVariantGroup;
			children = (
				A7CD77AB2026223A000D34D4 /* Base */,
			);
			name = LaunchScreen.storyboard;
			sourceTree = "<group>";
		};
/* End PBXVariantGroup section */

/* Begin XCBuildConfiguration section */
		A7CD77C42026223A000D34D4 /* Debug */ = {
			isa = XCBuildConfiguration;
			buildSettings = {
				ALWAYS_SEARCH_USER_PATHS = NO;
				CLANG_ANALYZER_NONNULL = YES;
				CLANG_ANALYZER_NUMBER_OBJECT_CONVERSION = YES_AGGRESSIVE;
				CLANG_CXX_LANGUAGE_STANDARD = "gnu++14";
				CLANG_CXX_LIBRARY = "libc++";
				CLANG_ENABLE_MODULES = YES;
				CLANG_ENABLE_OBJC_ARC = YES;
				CLANG_WARN_BLOCK_CAPTURE_AUTORELEASING = YES;
				CLANG_WARN_BOOL_CONVERSION = YES;
				CLANG_WARN_COMMA = YES;
				CLANG_WARN_CONSTANT_CONVERSION = YES;
				CLANG_WARN_DIRECT_OBJC_ISA_USAGE = YES_ERROR;
				CLANG_WARN_DOCUMENTATION_COMMENTS = YES;
				CLANG_WARN_EMPTY_BODY = YES;
				CLANG_WARN_ENUM_CONVERSION = YES;
				CLANG_WARN_INFINITE_RECURSION = YES;
				CLANG_WARN_INT_CONVERSION = YES;
				CLANG_WARN_NON_LITERAL_NULL_CONVERSION = YES;
				CLANG_WARN_OBJC_LITERAL_CONVERSION = YES;
				CLANG_WARN_OBJC_ROOT_CLASS = YES_ERROR;
				CLANG_WARN_RANGE_LOOP_ANALYSIS = YES;
				CLANG_WARN_STRICT_PROTOTYPES = YES;
				CLANG_WARN_SUSPICIOUS_MOVE = YES;
				CLANG_WARN_UNGUARDED_AVAILABILITY = YES_AGGRESSIVE;
				CLANG_WARN_UNREACHABLE_CODE = YES;
				CLANG_WARN__DUPLICATE_METHOD_MATCH = YES;
				CODE_SIGN_IDENTITY = "iPhone Developer";
				COPY_PHASE_STRIP = NO;
				DEBUG_INFORMATION_FORMAT = dwarf;
				ENABLE_STRICT_OBJC_MSGSEND = YES;
				ENABLE_TESTABILITY = YES;
				GCC_C_LANGUAGE_STANDARD = gnu11;
				GCC_DYNAMIC_NO_PIC = NO;
				GCC_NO_COMMON_BLOCKS = YES;
				GCC_OPTIMIZATION_LEVEL = 0;
				GCC_PREPROCESSOR_DEFINITIONS = (
					"DEBUG=1",
					"$(inherited)",
				);
				GCC_WARN_64_TO_32_BIT_CONVERSION = YES;
				GCC_WARN_ABOUT_RETURN_TYPE = YES_ERROR;
				GCC_WARN_UNDECLARED_SELECTOR = YES;
				GCC_WARN_UNINITIALIZED_AUTOS = YES_AGGRESSIVE;
				GCC_WARN_UNUSED_FUNCTION = YES;
				GCC_WARN_UNUSED_VARIABLE = YES;
				IPHONEOS_DEPLOYMENT_TARGET = 11.2;
				MTL_ENABLE_DEBUG_INFO = YES;
				ONLY_ACTIVE_ARCH = YES;
				SDKROOT = iphoneos;
				SWIFT_ACTIVE_COMPILATION_CONDITIONS = DEBUG;
				SWIFT_OPTIMIZATION_LEVEL = "-Onone";
			};
			name = Debug;
		};
		A7CD77C52026223A000D34D4 /* Release */ = {
			isa = XCBuildConfiguration;
			buildSettings = {
				ALWAYS_SEARCH_USER_PATHS = NO;
				CLANG_ANALYZER_NONNULL = YES;
				CLANG_ANALYZER_NUMBER_OBJECT_CONVERSION = YES_AGGRESSIVE;
				CLANG_CXX_LANGUAGE_STANDARD = "gnu++14";
				CLANG_CXX_LIBRARY = "libc++";
				CLANG_ENABLE_MODULES = YES;
				CLANG_ENABLE_OBJC_ARC = YES;
				CLANG_WARN_BLOCK_CAPTURE_AUTORELEASING = YES;
				CLANG_WARN_BOOL_CONVERSION = YES;
				CLANG_WARN_COMMA = YES;
				CLANG_WARN_CONSTANT_CONVERSION = YES;
				CLANG_WARN_DIRECT_OBJC_ISA_USAGE = YES_ERROR;
				CLANG_WARN_DOCUMENTATION_COMMENTS = YES;
				CLANG_WARN_EMPTY_BODY = YES;
				CLANG_WARN_ENUM_CONVERSION = YES;
				CLANG_WARN_INFINITE_RECURSION = YES;
				CLANG_WARN_INT_CONVERSION = YES;
				CLANG_WARN_NON_LITERAL_NULL_CONVERSION = YES;
				CLANG_WARN_OBJC_LITERAL_CONVERSION = YES;
				CLANG_WARN_OBJC_ROOT_CLASS = YES_ERROR;
				CLANG_WARN_RANGE_LOOP_ANALYSIS = YES;
				CLANG_WARN_STRICT_PROTOTYPES = YES;
				CLANG_WARN_SUSPICIOUS_MOVE = YES;
				CLANG_WARN_UNGUARDED_AVAILABILITY = YES_AGGRESSIVE;
				CLANG_WARN_UNREACHABLE_CODE = YES;
				CLANG_WARN__DUPLICATE_METHOD_MATCH = YES;
				CODE_SIGN_IDENTITY = "iPhone Developer";
				COPY_PHASE_STRIP = NO;
				DEBUG_INFORMATION_FORMAT = "dwarf-with-dsym";
				ENABLE_NS_ASSERTIONS = NO;
				ENABLE_STRICT_OBJC_MSGSEND = YES;
				GCC_C_LANGUAGE_STANDARD = gnu11;
				GCC_NO_COMMON_BLOCKS = YES;
				GCC_WARN_64_TO_32_BIT_CONVERSION = YES;
				GCC_WARN_ABOUT_RETURN_TYPE = YES_ERROR;
				GCC_WARN_UNDECLARED_SELECTOR = YES;
				GCC_WARN_UNINITIALIZED_AUTOS = YES_AGGRESSIVE;
				GCC_WARN_UNUSED_FUNCTION = YES;
				GCC_WARN_UNUSED_VARIABLE = YES;
				IPHONEOS_DEPLOYMENT_TARGET = 11.2;
				MTL_ENABLE_DEBUG_INFO = NO;
				SDKROOT = iphoneos;
				SWIFT_OPTIMIZATION_LEVEL = "-Owholemodule";
				VALIDATE_PRODUCT = YES;
			};
			name = Release;
		};
		A7CD77C72026223A000D34D4 /* Debug */ = {
			isa = XCBuildConfiguration;
			buildSettings = {
				ASSETCATALOG_COMPILER_APPICON_NAME = AppIcon;
				CODE_SIGN_STYLE = Automatic;
				DEVELOPMENT_TEAM = BZ6JS6AAKW;
				INFOPLIST_FILE = ButtonApp/Info.plist;
				LD_RUNPATH_SEARCH_PATHS = "$(inherited) @executable_path/Frameworks";
				PRODUCT_BUNDLE_IDENTIFIER = com.scs2680.ButtonApp;
				PRODUCT_NAME = "$(TARGET_NAME)";
				SWIFT_VERSION = 4.0;
				TARGETED_DEVICE_FAMILY = "1,2";
			};
			name = Debug;
		};
		A7CD77C82026223A000D34D4 /* Release */ = {
			isa = XCBuildConfiguration;
			buildSettings = {
				ASSETCATALOG_COMPILER_APPICON_NAME = AppIcon;
				CODE_SIGN_STYLE = Automatic;
				DEVELOPMENT_TEAM = BZ6JS6AAKW;
				INFOPLIST_FILE = ButtonApp/Info.plist;
				LD_RUNPATH_SEARCH_PATHS = "$(inherited) @executable_path/Frameworks";
				PRODUCT_BUNDLE_IDENTIFIER = com.scs2680.ButtonApp;
				PRODUCT_NAME = "$(TARGET_NAME)";
				SWIFT_VERSION = 4.0;
				TARGETED_DEVICE_FAMILY = "1,2";
			};
			name = Release;
		};
		A7CD77CA2026223A000D34D4 /* Debug */ = {
			isa = XCBuildConfiguration;
			buildSettings = {
				ALWAYS_EMBED_SWIFT_STANDARD_LIBRARIES = YES;
				BUNDLE_LOADER = "$(TEST_HOST)";
				CODE_SIGN_STYLE = Automatic;
				DEVELOPMENT_TEAM = BZ6JS6AAKW;
				INFOPLIST_FILE = ButtonAppTests/Info.plist;
				LD_RUNPATH_SEARCH_PATHS = "$(inherited) @executable_path/Frameworks @loader_path/Frameworks";
				PRODUCT_BUNDLE_IDENTIFIER = com.scs2680.ButtonAppTests;
				PRODUCT_NAME = "$(TARGET_NAME)";
				SWIFT_VERSION = 4.0;
				TARGETED_DEVICE_FAMILY = "1,2";
				TEST_HOST = "$(BUILT_PRODUCTS_DIR)/ButtonApp.app/ButtonApp";
			};
			name = Debug;
		};
		A7CD77CB2026223A000D34D4 /* Release */ = {
			isa = XCBuildConfiguration;
			buildSettings = {
				ALWAYS_EMBED_SWIFT_STANDARD_LIBRARIES = YES;
				BUNDLE_LOADER = "$(TEST_HOST)";
				CODE_SIGN_STYLE = Automatic;
				DEVELOPMENT_TEAM = BZ6JS6AAKW;
				INFOPLIST_FILE = ButtonAppTests/Info.plist;
				LD_RUNPATH_SEARCH_PATHS = "$(inherited) @executable_path/Frameworks @loader_path/Frameworks";
				PRODUCT_BUNDLE_IDENTIFIER = com.scs2680.ButtonAppTests;
				PRODUCT_NAME = "$(TARGET_NAME)";
				SWIFT_VERSION = 4.0;
				TARGETED_DEVICE_FAMILY = "1,2";
				TEST_HOST = "$(BUILT_PRODUCTS_DIR)/ButtonApp.app/ButtonApp";
			};
			name = Release;
		};
		A7CD77CD2026223A000D34D4 /* Debug */ = {
			isa = XCBuildConfiguration;
			buildSettings = {
				ALWAYS_EMBED_SWIFT_STANDARD_LIBRARIES = YES;
				CODE_SIGN_STYLE = Automatic;
				DEVELOPMENT_TEAM = BZ6JS6AAKW;
				INFOPLIST_FILE = ButtonAppUITests/Info.plist;
				LD_RUNPATH_SEARCH_PATHS = "$(inherited) @executable_path/Frameworks @loader_path/Frameworks";
				PRODUCT_BUNDLE_IDENTIFIER = com.scs2680.ButtonAppUITests;
				PRODUCT_NAME = "$(TARGET_NAME)";
				SWIFT_VERSION = 4.0;
				TARGETED_DEVICE_FAMILY = "1,2";
				TEST_TARGET_NAME = ButtonApp;
			};
			name = Debug;
		};
		A7CD77CE2026223A000D34D4 /* Release */ = {
			isa = XCBuildConfiguration;
			buildSettings = {
				ALWAYS_EMBED_SWIFT_STANDARD_LIBRARIES = YES;
				CODE_SIGN_STYLE = Automatic;
				DEVELOPMENT_TEAM = BZ6JS6AAKW;
				INFOPLIST_FILE = ButtonAppUITests/Info.plist;
				LD_RUNPATH_SEARCH_PATHS = "$(inherited) @executable_path/Frameworks @loader_path/Frameworks";
				PRODUCT_BUNDLE_IDENTIFIER = com.scs2680.ButtonAppUITests;
				PRODUCT_NAME = "$(TARGET_NAME)";
				SWIFT_VERSION = 4.0;
				TARGETED_DEVICE_FAMILY = "1,2";
				TEST_TARGET_NAME = ButtonApp;
			};
			name = Release;
		};
/* End XCBuildConfiguration section */

/* Begin XCConfigurationList section */
		A7CD77992026223A000D34D4 /* Build configuration list for PBXProject "ButtonApp" */ = {
			isa = XCConfigurationList;
			buildConfigurations = (
				A7CD77C42026223A000D34D4 /* Debug */,
				A7CD77C52026223A000D34D4 /* Release */,
			);
			defaultConfigurationIsVisible = 0;
			defaultConfigurationName = Release;
		};
		A7CD77C62026223A000D34D4 /* Build configuration list for PBXNativeTarget "ButtonApp" */ = {
			isa = XCConfigurationList;
			buildConfigurations = (
				A7CD77C72026223A000D34D4 /* Debug */,
				A7CD77C82026223A000D34D4 /* Release */,
			);
			defaultConfigurationIsVisible = 0;
			defaultConfigurationName = Release;
		};
		A7CD77C92026223A000D34D4 /* Build configuration list for PBXNativeTarget "ButtonAppTests" */ = {
			isa = XCConfigurationList;
			buildConfigurations = (
				A7CD77CA2026223A000D34D4 /* Debug */,
				A7CD77CB2026223A000D34D4 /* Release */,
			);
			defaultConfigurationIsVisible = 0;
			defaultConfigurationName = Release;
		};
		A7CD77CC2026223A000D34D4 /* Build configuration list for PBXNativeTarget "ButtonAppUITests" */ = {
			isa = XCConfigurationList;
			buildConfigurations = (
				A7CD77CD2026223A000D34D4 /* Debug */,
				A7CD77CE2026223A000D34D4 /* Release */,
			);
			defaultConfigurationIsVisible = 0;
			defaultConfigurationName = Release;
		};
/* End XCConfigurationList section */
	};
	rootObject = A7CD77962026223A000D34D4 /* Project object */;
}
